
Microsoft Visual Studio Solution File, Format Version 12.00
# Visual Studio Version 17
VisualStudioVersion = 17.12.35707.178
MinimumVisualStudioVersion = 10.0.40219.1
Project("{FAE04EC0-301F-11D3-BF4B-00C04F79EFBC}") = "Bulkyweb", "Bulkyweb\Bulkyweb.csproj", "{DC884527-DA5C-4E61-9950-F53E054C5DEA}"
EndProject
Project("{FAE04EC0-301F-11D3-BF4B-00C04F79EFBC}") = "Bulky.Data.Access", "Bulky.Data.Access\Bulky.Data.Access.csproj", "{72663858-B7A0-464D-A87B-49C108024278}"
EndProject
Project("{FAE04EC0-301F-11D3-BF4B-00C04F79EFBC}") = "Bulky.Models", "Bulky.Models\Bulky.Models.csproj", "{30BC4DC4-EEE3-4A8D-B9C0-BFF52F8259E7}"
EndProject
Project("{FAE04EC0-301F-11D3-BF4B-00C04F79EFBC}") = "Bulky.Utility", "Bulky.Utility\Bulky.Utility.csproj", "{699022D7-815B-4848-A8C5-1C519D0F55A0}"
EndProject
Global
	GlobalSection(SolutionConfigurationPlatforms) = preSolution
		Debug|Any CPU = Debug|Any CPU
		Release|Any CPU = Release|Any CPU
	EndGlobalSection
	GlobalSection(ProjectConfigurationPlatforms) = postSolution
		{DC884527-DA5C-4E61-9950-F53E054C5DEA}.Debug|Any CPU.ActiveCfg = Debug|Any CPU
		{DC884527-DA5C-4E61-9950-F53E054C5DEA}.Debug|Any CPU.Build.0 = Debug|Any CPU
		{DC884527-DA5C-4E61-9950-F53E054C5DEA}.Release|Any CPU.ActiveCfg = Release|Any CPU
		{DC884527-DA5C-4E61-9950-F53E054C5DEA}.Release|Any CPU.Build.0 = Release|Any CPU
		{72663858-B7A0-464D-A87B-49C108024278}.Debug|Any CPU.ActiveCfg = Debug|Any CPU
		{72663858-B7A0-464D-A87B-49C108024278}.Debug|Any CPU.Build.0 = Debug|Any CPU
		{72663858-B7A0-464D-A87B-49C108024278}.Release|Any CPU.ActiveCfg = Release|Any CPU
		{72663858-B7A0-464D-A87B-49C108024278}.Release|Any CPU.Build.0 = Release|Any CPU
		{30BC4DC4-EEE3-4A8D-B9C0-BFF52F8259E7}.Debug|Any CPU.ActiveCfg = Debug|Any CPU
		{30BC4DC4-EEE3-4A8D-B9C0-BFF52F8259E7}.Debug|Any CPU.Build.0 = Debug|Any CPU
		{30BC4DC4-EEE3-4A8D-B9C0-BFF52F8259E7}.Release|Any CPU.ActiveCfg = Release|Any CPU
		{30BC4DC4-EEE3-4A8D-B9C0-BFF52F8259E7}.Release|Any CPU.Build.0 = Release|Any CPU
		{699022D7-815B-4848-A8C5-1C519D0F55A0}.Debug|Any CPU.ActiveCfg = Debug|Any CPU
		{699022D7-815B-4848-A8C5-1C519D0F55A0}.Debug|Any CPU.Build.0 = Debug|Any CPU
		{699022D7-815B-4848-A8C5-1C519D0F55A0}.Release|Any CPU.ActiveCfg = Release|Any CPU
		{699022D7-815B-4848-A8C5-1C519D0F55A0}.Release|Any CPU.Build.0 = Release|Any CPU
	EndGlobalSection
	GlobalSection(SolutionProperties) = preSolution
		HideSolutionNode = FALSE
	EndGlobalSection
EndGlobal
